# This file is automatically @generated by Cargo.
# It is not intended for manual editing.
[[package]]
name = "basics"
version = "0.1.0"

[[package]]
name = "boxes"
version = "0.1.0"

[[package]]
name = "closures"
version = "0.1.0"

[[package]]
name = "loops"
version = "0.1.0"

[[package]]
name = "multiple_owners"
version = "0.1.0"

[[package]]
name = "ownership"
version = "0.1.0"

[[package]]
name = "project_minigrep"
version = "0.1.0"

